
Microsoft Visual Studio Solution File, Format Version 12.00
# Visual Studio Version 17
VisualStudioVersion = 17.9.34310.174
MinimumVisualStudioVersion = 10.0.40219.1
Project("{9A19103F-16F7-4668-BE54-9A1E7A4F7556}") = "IPCalculator.Web", "IPCalculator.Web.csproj", "{B9B374C4-44F0-4B10-B620-549ED531A338}"
EndProject
Global
	GlobalSection(SolutionConfigurationPlatforms) = preSolution
		Debug|Any CPU = Debug|Any CPU
		Release|Any CPU = Release|Any CPU
	EndGlobalSection
	GlobalSection(ProjectConfigurationPlatforms) = postSolution
		{B9B374C4-44F0-4B10-B620-549ED531A338}.Debug|Any CPU.ActiveCfg = Debug|Any CPU
		{B9B374C4-44F0-4B10-B620-549ED531A338}.Debug|Any CPU.Build.0 = Debug|Any CPU
		{B9B374C4-44F0-4B10-B620-549ED531A338}.Release|Any CPU.ActiveCfg = Release|Any CPU
		{B9B374C4-44F0-4B10-B620-549ED531A338}.Release|Any CPU.Build.0 = Release|Any CPU
	EndGlobalSection
	GlobalSection(SolutionProperties) = preSolution
		HideSolutionNode = FALSE
	EndGlobalSection
	GlobalSection(ExtensibilityGlobals) = postSolution
		SolutionGuid = {1E0F4193-B8BA-4280-BBC5-EE273B0D7919}
	EndGlobalSection
EndGlobal
